// !$*UTF8*$!
{
	archiveVersion = 1;
	classes = {
	};
	objectVersion = 46;
	objects = {

/* Begin PBXBuildFile section */
		EA617CFE1C5833DB0084BCF3 /* AppDelegate.swift in Sources */ = {isa = PBXBuildFile; fileRef = EA617CFD1C5833DB0084BCF3 /* AppDelegate.swift */; };
		EA617D001C5833DB0084BCF3 /* ViewController.swift in Sources */ = {isa = PBXBuildFile; fileRef = EA617CFF1C5833DB0084BCF3 /* ViewController.swift */; };
		EA617D031C5833DB0084BCF3 /* Main.storyboard in Resources */ = {isa = PBXBuildFile; fileRef = EA617D011C5833DB0084BCF3 /* Main.storyboard */; };
		EA617D051C5833DB0084BCF3 /* Assets.xcassets in Resources */ = {isa = PBXBuildFile; fileRef = EA617D041C5833DB0084BCF3 /* Assets.xcassets */; };
		EA617D081C5833DB0084BCF3 /* LaunchScreen.storyboard in Resources */ = {isa = PBXBuildFile; fileRef = EA617D061C5833DB0084BCF3 /* LaunchScreen.storyboard */; };
		EA617D131C5833DC0084BCF3 /* AppDelegateLifeCycleMethodsTests.swift in Sources */ = {isa = PBXBuildFile; fileRef = EA617D121C5833DC0084BCF3 /* AppDelegateLifeCycleMethodsTests.swift */; };
		EA617D1E1C5833DC0084BCF3 /* AppDelegateLifeCycleMethodsUITests.swift in Sources */ = {isa = PBXBuildFile; fileRef = EA617D1D1C5833DC0084BCF3 /* AppDelegateLifeCycleMethodsUITests.swift */; };
/* End PBXBuildFile section */

/* Begin PBXContainerItemProxy section */
		EA617D0F1C5833DC0084BCF3 /* PBXContainerItemProxy */ = {
			isa = PBXContainerItemProxy;
			containerPortal = EA617CF21C5833DB0084BCF3 /* Project object */;
			proxyType = 1;
			remoteGlobalIDString = EA617CF91C5833DB0084BCF3;
			remoteInfo = AppDelegateLifeCycleMethods;
		};
		EA617D1A1C5833DC0084BCF3 /* PBXContainerItemProxy */ = {
			isa = PBXContainerItemProxy;
			containerPortal = EA617CF21C5833DB0084BCF3 /* Project object */;
			proxyType = 1;
			remoteGlobalIDString = EA617CF91C5833DB0084BCF3;
			remoteInfo = AppDelegateLifeCycleMethods;
		};
/* End PBXContainerItemProxy section */

/* Begin PBXFileReference section */
		EA617CFA1C5833DB0084BCF3 /* AppDelegateLifeCycleMethods.app */ = {isa = PBXFileReference; explicitFileType = wrapper.application; includeInIndex = 0; path = AppDelegateLifeCycleMethods.app; sourceTree = BUILT_PRODUCTS_DIR; };
		EA617CFD1C5833DB0084BCF3 /* AppDelegate.swift */ = {isa = PBXFileReference; lastKnownFileType = sourcecode.swift; path = AppDelegate.swift; sourceTree = "<group>"; };
		EA617CFF1C5833DB0084BCF3 /* ViewController.swift */ = {isa = PBXFileReference; lastKnownFileType = sourcecode.swift; path = ViewController.swift; sourceTree = "<group>"; };
		EA617D021C5833DB0084BCF3 /* Base */ = {isa = PBXFileReference; lastKnownFileType = file.storyboard; name = Base; path = Base.lproj/Main.storyboard; sourceTree = "<group>"; };
		EA617D041C5833DB0084BCF3 /* Assets.xcassets */ = {isa = PBXFileReference; lastKnownFileType = folder.assetcatalog; path = Assets.xcassets; sourceTree = "<group>"; };
		EA617D071C5833DB0084BCF3 /* Base */ = {isa = PBXFileReference; lastKnownFileType = file.storyboard; name = Base; path = Base.lproj/LaunchScreen.storyboard; sourceTree = "<group>"; };
		EA617D091C5833DB0084BCF3 /* Info.plist */ = {isa = PBXFileReference; lastKnownFileType = text.plist.xml; path = Info.plist; sourceTree = "<group>"; };
		EA617D0E1C5833DC0084BCF3 /* AppDelegateLifeCycleMethodsTests.xctest */ = {isa = PBXFileReference; explicitFileType = wrapper.cfbundle; includeInIndex = 0; path = AppDelegateLifeCycleMethodsTests.xctest; sourceTree = BUILT_PRODUCTS_DIR; };
		EA617D121C5833DC0084BCF3 /* AppDelegateLifeCycleMethodsTests.swift */ = {isa = PBXFileReference; lastKnownFileType = sourcecode.swift; path = AppDelegateLifeCycleMethodsTests.swift; sourceTree = "<group>"; };
		EA617D141C5833DC0084BCF3 /* Info.plist */ = {isa = PBXFileReference; lastKnownFileType = text.plist.xml; path = Info.plist; sourceTree = "<group>"; };
		EA617D191C5833DC0084BCF3 /* AppDelegateLifeCycleMethodsUITests.xctest */ = {isa = PBXFileReference; explicitFileType = wrapper.cfbundle; includeInIndex = 0; path = AppDelegateLifeCycleMethodsUITests.xctest; sourceTree = BUILT_PRODUCTS_DIR; };
		EA617D1D1C5833DC0084BCF3 /* AppDelegateLifeCycleMethodsUITests.swift */ = {isa = PBXFileReference; lastKnownFileType = sourcecode.swift; path = AppDelegateLifeCycleMethodsUITests.swift; sourceTree = "<group>"; };
		EA617D1F1C5833DC0084BCF3 /* Info.plist */ = {isa = PBXFileReference; lastKnownFileType = text.plist.xml; path = Info.plist; sourceTree = "<group>"; };
/* End PBXFileReference section */

/* Begin PBXFrameworksBuildPhase section */
		EA617CF71C5833DB0084BCF3 /* Frameworks */ = {
			isa = PBXFrameworksBuildPhase;
			buildActionMask = 2147483647;
			files = (
			);
			runOnlyForDeploymentPostprocessing = 0;
		};
		EA617D0B1C5833DC0084BCF3 /* Frameworks */ = {
			isa = PBXFrameworksBuildPhase;
			buildActionMask = 2147483647;
			files = (
			);
			runOnlyForDeploymentPostprocessing = 0;
		};
		EA617D161C5833DC0084BCF3 /* Frameworks */ = {
			isa = PBXFrameworksBuildPhase;
			buildActionMask = 2147483647;
			files = (
			);
			runOnlyForDeploymentPostprocessing = 0;
		};
/* End PBXFrameworksBuildPhase section */

/* Begin PBXGroup section */
		EA617CF11C5833DB0084BCF3 = {
			isa = PBXGroup;
			children = (
				EA617CFC1C5833DB0084BCF3 /* AppDelegateLifeCycleMethods */,
				EA617D111C5833DC0084BCF3 /* AppDelegateLifeCycleMethodsTests */,
				EA617D1C1C5833DC0084BCF3 /* AppDelegateLifeCycleMethodsUITests */,
				EA617CFB1C5833DB0084BCF3 /* Products */,
			);
			sourceTree = "<group>";
		};
		EA617CFB1C5833DB0084BCF3 /* Products */ = {
			isa = PBXGroup;
			children = (
				EA617CFA1C5833DB0084BCF3 /* AppDelegateLifeCycleMethods.app */,
				EA617D0E1C5833DC0084BCF3 /* AppDelegateLifeCycleMethodsTests.xctest */,
				EA617D191C5833DC0084BCF3 /* AppDelegateLifeCycleMethodsUITests.xctest */,
			);
			name = Products;
			sourceTree = "<group>";
		};
		EA617CFC1C5833DB0084BCF3 /* AppDelegateLifeCycleMethods */ = {
			isa = PBXGroup;
			children = (
				EA617CFD1C5833DB0084BCF3 /* AppDelegate.swift */,
				EA617CFF1C5833DB0084BCF3 /* ViewController.swift */,
				EA617D011C5833DB0084BCF3 /* Main.storyboard */,
				EA617D041C5833DB0084BCF3 /* Assets.xcassets */,
				EA617D061C5833DB0084BCF3 /* LaunchScreen.storyboard */,
				EA617D091C5833DB0084BCF3 /* Info.plist */,
			);
			path = AppDelegateLifeCycleMethods;
			sourceTree = "<group>";
		};
		EA617D111C5833DC0084BCF3 /* AppDelegateLifeCycleMethodsTests */ = {
			isa = PBXGroup;
			children = (
				EA617D121C5833DC0084BCF3 /* AppDelegateLifeCycleMethodsTests.swift */,
				EA617D141C5833DC0084BCF3 /* Info.plist */,
			);
			path = AppDelegateLifeCycleMethodsTests;
			sourceTree = "<group>";
		};
		EA617D1C1C5833DC0084BCF3 /* AppDelegateLifeCycleMethodsUITests */ = {
			isa = PBXGroup;
			children = (
				EA617D1D1C5833DC0084BCF3 /* AppDelegateLifeCycleMethodsUITests.swift */,
				EA617D1F1C5833DC0084BCF3 /* Info.plist */,
			);
			path = AppDelegateLifeCycleMethodsUITests;
			sourceTree = "<group>";
		};
/* End PBXGroup section */

/* Begin PBXNativeTarget section */
		EA617CF91C5833DB0084BCF3 /* AppDelegateLifeCycleMethods */ = {
			isa = PBXNativeTarget;
			buildConfigurationList = EA617D221C5833DC0084BCF3 /* Build configuration list for PBXNativeTarget "AppDelegateLifeCycleMethods" */;
			buildPhases = (
				EA617CF61C5833DB0084BCF3 /* Sources */,
				EA617CF71C5833DB0084BCF3 /* Frameworks */,
				EA617CF81C5833DB0084BCF3 /* Resources */,
			);
			buildRules = (
			);
			dependencies = (
			);
			name = AppDelegateLifeCycleMethods;
			productName = AppDelegateLifeCycleMethods;
			productReference = EA617CFA1C5833DB0084BCF3 /* AppDelegateLifeCycleMethods.app */;
			productType = "com.apple.product-type.application";
		};
		EA617D0D1C5833DC0084BCF3 /* AppDelegateLifeCycleMethodsTests */ = {
			isa = PBXNativeTarget;
			buildConfigurationList = EA617D251C5833DC0084BCF3 /* Build configuration list for PBXNativeTarget "AppDelegateLifeCycleMethodsTests" */;
			buildPhases = (
				EA617D0A1C5833DC0084BCF3 /* Sources */,
				EA617D0B1C5833DC0084BCF3 /* Frameworks */,
				EA617D0C1C5833DC0084BCF3 /* Resources */,
			);
			buildRules = (
			);
			dependencies = (
				EA617D101C5833DC0084BCF3 /* PBXTargetDependency */,
			);
			name = AppDelegateLifeCycleMethodsTests;
			productName = AppDelegateLifeCycleMethodsTests;
			productReference = EA617D0E1C5833DC0084BCF3 /* AppDelegateLifeCycleMethodsTests.xctest */;
			productType = "com.apple.product-type.bundle.unit-test";
		};
		EA617D181C5833DC0084BCF3 /* AppDelegateLifeCycleMethodsUITests */ = {
			isa = PBXNativeTarget;
			buildConfigurationList = EA617D281C5833DC0084BCF3 /* Build configuration list for PBXNativeTarget "AppDelegateLifeCycleMethodsUITests" */;
			buildPhases = (
				EA617D151C5833DC0084BCF3 /* Sources */,
				EA617D161C5833DC0084BCF3 /* Frameworks */,
				EA617D171C5833DC0084BCF3 /* Resources */,
			);
			buildRules = (
			);
			dependencies = (
				EA617D1B1C5833DC0084BCF3 /* PBXTargetDependency */,
			);
			name = AppDelegateLifeCycleMethodsUITests;
			productName = AppDelegateLifeCycleMethodsUITests;
			productReference = EA617D191C5833DC0084BCF3 /* AppDelegateLifeCycleMethodsUITests.xctest */;
			productType = "com.apple.product-type.bundle.ui-testing";
		};
/* End PBXNativeTarget section */

/* Begin PBXProject section */
		EA617CF21C5833DB0084BCF3 /* Project object */ = {
			isa = PBXProject;
			attributes = {
				LastSwiftUpdateCheck = 0710;
				LastUpgradeCheck = 0710;
				ORGANIZATIONNAME = skollur1;
				TargetAttributes = {
					EA617CF91C5833DB0084BCF3 = {
						CreatedOnToolsVersion = 7.1.1;
					};
					EA617D0D1C5833DC0084BCF3 = {
						CreatedOnToolsVersion = 7.1.1;
						TestTargetID = EA617CF91C5833DB0084BCF3;
					};
					EA617D181C5833DC0084BCF3 = {
						CreatedOnToolsVersion = 7.1.1;
						TestTargetID = EA617CF91C5833DB0084BCF3;
					};
				};
			};
			buildConfigurationList = EA617CF51C5833DB0084BCF3 /* Build configuration list for PBXProject "AppDelegateLifeCycleMethods" */;
			compatibilityVersion = "Xcode 3.2";
			developmentRegion = English;
			hasScannedForEncodings = 0;
			knownRegions = (
				en,
				Base,
			);
			mainGroup = EA617CF11C5833DB0084BCF3;
			productRefGroup = EA617CFB1C5833DB0084BCF3 /* Products */;
			projectDirPath = "";
			projectRoot = "";
			targets = (
				EA617CF91C5833DB0084BCF3 /* AppDelegateLifeCycleMethods */,
				EA617D0D1C5833DC0084BCF3 /* AppDelegateLifeCycleMethodsTests */,
				EA617D181C5833DC0084BCF3 /* AppDelegateLifeCycleMethodsUITests */,
			);
		};
/* End PBXProject section */

/* Begin PBXResourcesBuildPhase section */
		EA617CF81C5833DB0084BCF3 /* Resources */ = {
			isa = PBXResourcesBuildPhase;
			buildActionMask = 2147483647;
			files = (
				EA617D081C5833DB0084BCF3 /* LaunchScreen.storyboard in Resources */,
				EA617D051C5833DB0084BCF3 /* Assets.xcassets in Resources */,
				EA617D031C5833DB0084BCF3 /* Main.storyboard in Resources */,
			);
			runOnlyForDeploymentPostprocessing = 0;
		};
		EA617D0C1C5833DC0084BCF3 /* Resources */ = {
			isa = PBXResourcesBuildPhase;
			buildActionMask = 2147483647;
			files = (
			);
			runOnlyForDeploymentPostprocessing = 0;
		};
		EA617D171C5833DC0084BCF3 /* Resources */ = {
			isa = PBXResourcesBuildPhase;
			buildActionMask = 2147483647;
			files = (
			);
			runOnlyForDeploymentPostprocessing = 0;
		};
/* End PBXResourcesBuildPhase section */

/* Begin PBXSourcesBuildPhase section */
		EA617CF61C5833DB0084BCF3 /* Sources */ = {
			isa = PBXSourcesBuildPhase;
			buildActionMask = 2147483647;
			files = (
				EA617D001C5833DB0084BCF3 /* ViewController.swift in Sources */,
				EA617CFE1C5833DB0084BCF3 /* AppDelegate.swift in Sources */,
			);
			runOnlyForDeploymentPostprocessing = 0;
		};
		EA617D0A1C5833DC0084BCF3 /* Sources */ = {
			isa = PBXSourcesBuildPhase;
			buildActionMask = 2147483647;
			files = (
				EA617D131C5833DC0084BCF3 /* AppDelegateLifeCycleMethodsTests.swift in Sources */,
			);
			runOnlyForDeploymentPostprocessing = 0;
		};
		EA617D151C5833DC0084BCF3 /* Sources */ = {
			isa = PBXSourcesBuildPhase;
			buildActionMask = 2147483647;
			files = (
				EA617D1E1C5833DC0084BCF3 /* AppDelegateLifeCycleMethodsUITests.swift in Sources */,
			);
			runOnlyForDeploymentPostprocessing = 0;
		};
/* End PBXSourcesBuildPhase section */

/* Begin PBXTargetDependency section */
		EA617D101C5833DC0084BCF3 /* PBXTargetDependency */ = {
			isa = PBXTargetDependency;
			target = EA617CF91C5833DB0084BCF3 /* AppDelegateLifeCycleMethods */;
			targetProxy = EA617D0F1C5833DC0084BCF3 /* PBXContainerItemProxy */;
		};
		EA617D1B1C5833DC0084BCF3 /* PBXTargetDependency */ = {
			isa = PBXTargetDependency;
			target = EA617CF91C5833DB0084BCF3 /* AppDelegateLifeCycleMethods */;
			targetProxy = EA617D1A1C5833DC0084BCF3 /* PBXContainerItemProxy */;
		};
/* End PBXTargetDependency section */

/* Begin PBXVariantGroup section */
		EA617D011C5833DB0084BCF3 /* Main.storyboard */ = {
			isa = PBXVariantGroup;
			children = (
				EA617D021C5833DB0084BCF3 /* Base */,
			);
			name = Main.storyboard;
			sourceTree = "<group>";
		};
		EA617D061C5833DB0084BCF3 /* LaunchScreen.storyboard */ = {
			isa = PBXVariantGroup;
			children = (
				EA617D071C5833DB0084BCF3 /* Base */,
			);
			name = LaunchScreen.storyboard;
			sourceTree = "<group>";
		};
/* End PBXVariantGroup section */

/* Begin XCBuildConfiguration section */
		EA617D201C5833DC0084BCF3 /* Debug */ = {
			isa = XCBuildConfiguration;
			buildSettings = {
				ALWAYS_SEARCH_USER_PATHS = NO;
				CLANG_CXX_LANGUAGE_STANDARD = "gnu++0x";
				CLANG_CXX_LIBRARY = "libc++";
				CLANG_ENABLE_MODULES = YES;
				CLANG_ENABLE_OBJC_ARC = YES;
				CLANG_WARN_BOOL_CONVERSION = YES;
				CLANG_WARN_CONSTANT_CONVERSION = YES;
				CLANG_WARN_DIRECT_OBJC_ISA_USAGE = YES_ERROR;
				CLANG_WARN_EMPTY_BODY = YES;
				CLANG_WARN_ENUM_CONVERSION = YES;
				CLANG_WARN_INT_CONVERSION = YES;
				CLANG_WARN_OBJC_ROOT_CLASS = YES_ERROR;
				CLANG_WARN_UNREACHABLE_CODE = YES;
				CLANG_WARN__DUPLICATE_METHOD_MATCH = YES;
				"CODE_SIGN_IDENTITY[sdk=iphoneos*]" = "iPhone Developer";
				COPY_PHASE_STRIP = NO;
				DEBUG_INFORMATION_FORMAT = dwarf;
				ENABLE_STRICT_OBJC_MSGSEND = YES;
				ENABLE_TESTABILITY = YES;
				GCC_C_LANGUAGE_STANDARD = gnu99;
				GCC_DYNAMIC_NO_PIC = NO;
				GCC_NO_COMMON_BLOCKS = YES;
				GCC_OPTIMIZATION_LEVEL = 0;
				GCC_PREPROCESSOR_DEFINITIONS = (
					"DEBUG=1",
					"$(inherited)",
				);
				GCC_WARN_64_TO_32_BIT_CONVERSION = YES;
				GCC_WARN_ABOUT_RETURN_TYPE = YES_ERROR;
				GCC_WARN_UNDECLARED_SELECTOR = YES;
				GCC_WARN_UNINITIALIZED_AUTOS = YES_AGGRESSIVE;
				GCC_WARN_UNUSED_FUNCTION = YES;
				GCC_WARN_UNUSED_VARIABLE = YES;
				IPHONEOS_DEPLOYMENT_TARGET = 9.1;
				MTL_ENABLE_DEBUG_INFO = YES;
				ONLY_ACTIVE_ARCH = YES;
				SDKROOT = iphoneos;
				SWIFT_OPTIMIZATION_LEVEL = "-Onone";
				TARGETED_DEVICE_FAMILY = "1,2";
			};
			name = Debug;
		};
		EA617D211C5833DC0084BCF3 /* Release */ = {
			isa = XCBuildConfiguration;
			buildSettings = {
				ALWAYS_SEARCH_USER_PATHS = NO;
				CLANG_CXX_LANGUAGE_STANDARD = "gnu++0x";
				CLANG_CXX_LIBRARY = "libc++";
				CLANG_ENABLE_MODULES = YES;
				CLANG_ENABLE_OBJC_ARC = YES;
				CLANG_WARN_BOOL_CONVERSION = YES;
				CLANG_WARN_CONSTANT_CONVERSION = YES;
				CLANG_WARN_DIRECT_OBJC_ISA_USAGE = YES_ERROR;
				CLANG_WARN_EMPTY_BODY = YES;
				CLANG_WARN_ENUM_CONVERSION = YES;
				CLANG_WARN_INT_CONVERSION = YES;
				CLANG_WARN_OBJC_ROOT_CLASS = YES_ERROR;
				CLANG_WARN_UNREACHABLE_CODE = YES;
				CLANG_WARN__DUPLICATE_METHOD_MATCH = YES;
				"CODE_SIGN_IDENTITY[sdk=iphoneos*]" = "iPhone Developer";
				COPY_PHASE_STRIP = NO;
				DEBUG_INFORMATION_FORMAT = "dwarf-with-dsym";
				ENABLE_NS_ASSERTIONS = NO;
				ENABLE_STRICT_OBJC_MSGSEND = YES;
				GCC_C_LANGUAGE_STANDARD = gnu99;
				GCC_NO_COMMON_BLOCKS = YES;
				GCC_WARN_64_TO_32_BIT_CONVERSION = YES;
				GCC_WARN_ABOUT_RETURN_TYPE = YES_ERROR;
				GCC_WARN_UNDECLARED_SELECTOR = YES;
				GCC_WARN_UNINITIALIZED_AUTOS = YES_AGGRESSIVE;
				GCC_WARN_UNUSED_FUNCTION = YES;
				GCC_WARN_UNUSED_VARIABLE = YES;
				IPHONEOS_DEPLOYMENT_TARGET = 9.1;
				MTL_ENABLE_DEBUG_INFO = NO;
				SDKROOT = iphoneos;
				TARGETED_DEVICE_FAMILY = "1,2";
				VALIDATE_PRODUCT = YES;
			};
			name = Release;
		};
		EA617D231C5833DC0084BCF3 /* Debug */ = {
			isa = XCBuildConfiguration;
			buildSettings = {
				ASSETCATALOG_COMPILER_APPICON_NAME = AppIcon;
				INFOPLIST_FILE = AppDelegateLifeCycleMethods/Info.plist;
				LD_RUNPATH_SEARCH_PATHS = "$(inherited) @executable_path/Frameworks";
				PRODUCT_BUNDLE_IDENTIFIER = edu.asu.msse.skollur1.AppDelegateLifeCycleMethods;
				PRODUCT_NAME = "$(TARGET_NAME)";
			};
			name = Debug;
		};
		EA617D241C5833DC0084BCF3 /* Release */ = {
			isa = XCBuildConfiguration;
			buildSettings = {
				ASSETCATALOG_COMPILER_APPICON_NAME = AppIcon;
				INFOPLIST_FILE = AppDelegateLifeCycleMethods/Info.plist;
				LD_RUNPATH_SEARCH_PATHS = "$(inherited) @executable_path/Frameworks";
				PRODUCT_BUNDLE_IDENTIFIER = edu.asu.msse.skollur1.AppDelegateLifeCycleMethods;
				PRODUCT_NAME = "$(TARGET_NAME)";
			};
			name = Release;
		};
		EA617D261C5833DC0084BCF3 /* Debug */ = {
			isa = XCBuildConfiguration;
			buildSettings = {
				BUNDLE_LOADER = "$(TEST_HOST)";
				INFOPLIST_FILE = AppDelegateLifeCycleMethodsTests/Info.plist;
				LD_RUNPATH_SEARCH_PATHS = "$(inherited) @executable_path/Frameworks @loader_path/Frameworks";
				PRODUCT_BUNDLE_IDENTIFIER = edu.asu.msse.skollur1.AppDelegateLifeCycleMethodsTests;
				PRODUCT_NAME = "$(TARGET_NAME)";
				TEST_HOST = "$(BUILT_PRODUCTS_DIR)/AppDelegateLifeCycleMethods.app/AppDelegateLifeCycleMethods";
			};
			name = Debug;
		};
		EA617D271C5833DC0084BCF3 /* Release */ = {
			isa = XCBuildConfiguration;
			buildSettings = {
				BUNDLE_LOADER = "$(TEST_HOST)";
				INFOPLIST_FILE = AppDelegateLifeCycleMethodsTests/Info.plist;
				LD_RUNPATH_SEARCH_PATHS = "$(inherited) @executable_path/Frameworks @loader_path/Frameworks";
				PRODUCT_BUNDLE_IDENTIFIER = edu.asu.msse.skollur1.AppDelegateLifeCycleMethodsTests;
				PRODUCT_NAME = "$(TARGET_NAME)";
				TEST_HOST = "$(BUILT_PRODUCTS_DIR)/AppDelegateLifeCycleMethods.app/AppDelegateLifeCycleMethods";
			};
			name = Release;
		};
		EA617D291C5833DC0084BCF3 /* Debug */ = {
			isa = XCBuildConfiguration;
			buildSettings = {
				INFOPLIST_FILE = AppDelegateLifeCycleMethodsUITests/Info.plist;
				LD_RUNPATH_SEARCH_PATHS = "$(inherited) @executable_path/Frameworks @loader_path/Frameworks";
				PRODUCT_BUNDLE_IDENTIFIER = edu.asu.msse.skollur1.AppDelegateLifeCycleMethodsUITests;
				PRODUCT_NAME = "$(TARGET_NAME)";
				TEST_TARGET_NAME = AppDelegateLifeCycleMethods;
				USES_XCTRUNNER = YES;
			};
			name = Debug;
		};
		EA617D2A1C5833DC0084BCF3 /* Release */ = {
			isa = XCBuildConfiguration;
			buildSettings = {
				INFOPLIST_FILE = AppDelegateLifeCycleMethodsUITests/Info.plist;
				LD_RUNPATH_SEARCH_PATHS = "$(inherited) @executable_path/Frameworks @loader_path/Frameworks";
				PRODUCT_BUNDLE_IDENTIFIER = edu.asu.msse.skollur1.AppDelegateLifeCycleMethodsUITests;
				PRODUCT_NAME = "$(TARGET_NAME)";
				TEST_TARGET_NAME = AppDelegateLifeCycleMethods;
				USES_XCTRUNNER = YES;
			};
			name = Release;
		};
/* End XCBuildConfiguration section */

/* Begin XCConfigurationList section */
		EA617CF51C5833DB0084BCF3 /* Build configuration list for PBXProject "AppDelegateLifeCycleMethods" */ = {
			isa = XCConfigurationList;
			buildConfigurations = (
				EA617D201C5833DC0084BCF3 /* Debug */,
				EA617D211C5833DC0084BCF3 /* Release */,
			);
			defaultConfigurationIsVisible = 0;
			defaultConfigurationName = Release;
		};
		EA617D221C5833DC0084BCF3 /* Build configuration list for PBXNativeTarget "AppDelegateLifeCycleMethods" */ = {
			isa = XCConfigurationList;
			buildConfigurations = (
				EA617D231C5833DC0084BCF3 /* Debug */,
				EA617D241C5833DC0084BCF3 /* Release */,
			);
			defaultConfigurationIsVisible = 0;
		};
		EA617D251C5833DC0084BCF3 /* Build configuration list for PBXNativeTarget "AppDelegateLifeCycleMethodsTests" */ = {
			isa = XCConfigurationList;
			buildConfigurations = (
				EA617D261C5833DC0084BCF3 /* Debug */,
				EA617D271C5833DC0084BCF3 /* Release */,
			);
			defaultConfigurationIsVisible = 0;
		};
		EA617D281C5833DC0084BCF3 /* Build configuration list for PBXNativeTarget "AppDelegateLifeCycleMethodsUITests" */ = {
			isa = XCConfigurationList;
			buildConfigurations = (
				EA617D291C5833DC0084BCF3 /* Debug */,
				EA617D2A1C5833DC0084BCF3 /* Release */,
			);
			defaultConfigurationIsVisible = 0;
		};
/* End XCConfigurationList section */
	};
	rootObject = EA617CF21C5833DB0084BCF3 /* Project object */;
}
